
Microsoft Visual Studio Solution File, Format Version 12.00
# Visual Studio 2012
Project("{FAE04EC0-301F-11D3-BF4B-00C04F79EFBC}") = "PoolsLibrary", "PoolsLibrary\PoolsLibrary.csproj", "{70937FCE-5737-47A8-A36A-D6E6C066A0CF}"
EndProject
Project("{FAE04EC0-301F-11D3-BF4B-00C04F79EFBC}") = "UnitTests", "UnitTests\UnitTests.csproj", "{F22D6B19-9F96-416D-924E-C02214EDC413}"
EndProject
Project("{FAE04EC0-301F-11D3-BF4B-00C04F79EFBC}") = "ExampleStructures", "ExampleStructures\ExampleStructures.csproj", "{B4F12E0E-E81B-4504-97AC-DF468D8CF2B4}"
EndProject
Global
	GlobalSection(SolutionConfigurationPlatforms) = preSolution
		Debug|Any CPU = Debug|Any CPU
		Release|Any CPU = Release|Any CPU
	EndGlobalSection
	GlobalSection(ProjectConfigurationPlatforms) = postSolution
		{70937FCE-5737-47A8-A36A-D6E6C066A0CF}.Debug|Any CPU.ActiveCfg = Debug|Any CPU
		{70937FCE-5737-47A8-A36A-D6E6C066A0CF}.Debug|Any CPU.Build.0 = Debug|Any CPU
		{70937FCE-5737-47A8-A36A-D6E6C066A0CF}.Release|Any CPU.ActiveCfg = Release|Any CPU
		{70937FCE-5737-47A8-A36A-D6E6C066A0CF}.Release|Any CPU.Build.0 = Release|Any CPU
		{F22D6B19-9F96-416D-924E-C02214EDC413}.Debug|Any CPU.ActiveCfg = Debug|Any CPU
		{F22D6B19-9F96-416D-924E-C02214EDC413}.Debug|Any CPU.Build.0 = Debug|Any CPU
		{F22D6B19-9F96-416D-924E-C02214EDC413}.Release|Any CPU.ActiveCfg = Release|Any CPU
		{F22D6B19-9F96-416D-924E-C02214EDC413}.Release|Any CPU.Build.0 = Release|Any CPU
		{B4F12E0E-E81B-4504-97AC-DF468D8CF2B4}.Debug|Any CPU.ActiveCfg = Debug|Any CPU
		{B4F12E0E-E81B-4504-97AC-DF468D8CF2B4}.Debug|Any CPU.Build.0 = Debug|Any CPU
		{B4F12E0E-E81B-4504-97AC-DF468D8CF2B4}.Release|Any CPU.ActiveCfg = Release|Any CPU
		{B4F12E0E-E81B-4504-97AC-DF468D8CF2B4}.Release|Any CPU.Build.0 = Release|Any CPU
	EndGlobalSection
	GlobalSection(SolutionProperties) = preSolution
		HideSolutionNode = FALSE
	EndGlobalSection
EndGlobal
